// !$*UTF8*$!
{
	archiveVersion = 1;
	classes = {
	};
	objectVersion = 50;
	objects = {

/* Begin PBXBuildFile section */
		2B4551F4215B1B6300E0926B /* AppDelegate.swift in Sources */ = {isa = PBXBuildFile; fileRef = 2B4551F3215B1B6300E0926B /* AppDelegate.swift */; };
		2B4551F6215B1B6300E0926B /* art.scnassets in Resources */ = {isa = PBXBuildFile; fileRef = 2B4551F5215B1B6300E0926B /* art.scnassets */; };
		2B4551F8215B1B6300E0926B /* ViewController.swift in Sources */ = {isa = PBXBuildFile; fileRef = 2B4551F7215B1B6300E0926B /* ViewController.swift */; };
		2B4551FB215B1B6300E0926B /* Main.storyboard in Resources */ = {isa = PBXBuildFile; fileRef = 2B4551F9215B1B6300E0926B /* Main.storyboard */; };
		2B4551FD215B1B6400E0926B /* Assets.xcassets in Resources */ = {isa = PBXBuildFile; fileRef = 2B4551FC215B1B6400E0926B /* Assets.xcassets */; };
		2B455200215B1B6400E0926B /* LaunchScreen.storyboard in Resources */ = {isa = PBXBuildFile; fileRef = 2B4551FE215B1B6400E0926B /* LaunchScreen.storyboard */; };
		2B45520B215B1B6400E0926B /* DominoTests.swift in Sources */ = {isa = PBXBuildFile; fileRef = 2B45520A215B1B6400E0926B /* DominoTests.swift */; };
		2B455216215B1B6400E0926B /* DominoUITests.swift in Sources */ = {isa = PBXBuildFile; fileRef = 2B455215215B1B6400E0926B /* DominoUITests.swift */; };
		68F587D6D1E5EAE07774BE3C /* libPods-DominoTests.a in Frameworks */ = {isa = PBXBuildFile; fileRef = 2F234238FE386C1F24111FAF /* libPods-DominoTests.a */; };
		7FC9C35DF962AE9C3E654F8E /* libPods-Domino.a in Frameworks */ = {isa = PBXBuildFile; fileRef = 4215834237915D007D02A66B /* libPods-Domino.a */; };
/* End PBXBuildFile section */

/* Begin PBXContainerItemProxy section */
		2B455207215B1B6400E0926B /* PBXContainerItemProxy */ = {
			isa = PBXContainerItemProxy;
			containerPortal = 2B4551E8215B1B6300E0926B /* Project object */;
			proxyType = 1;
			remoteGlobalIDString = 2B4551EF215B1B6300E0926B;
			remoteInfo = Domino;
		};
		2B455212215B1B6400E0926B /* PBXContainerItemProxy */ = {
			isa = PBXContainerItemProxy;
			containerPortal = 2B4551E8215B1B6300E0926B /* Project object */;
			proxyType = 1;
			remoteGlobalIDString = 2B4551EF215B1B6300E0926B;
			remoteInfo = Domino;
		};
/* End PBXContainerItemProxy section */

/* Begin PBXFileReference section */
		2B4551F0215B1B6300E0926B /* Domino.app */ = {isa = PBXFileReference; explicitFileType = wrapper.application; includeInIndex = 0; path = Domino.app; sourceTree = BUILT_PRODUCTS_DIR; };
		2B4551F3215B1B6300E0926B /* AppDelegate.swift */ = {isa = PBXFileReference; lastKnownFileType = sourcecode.swift; path = AppDelegate.swift; sourceTree = "<group>"; };
		2B4551F5215B1B6300E0926B /* art.scnassets */ = {isa = PBXFileReference; lastKnownFileType = wrapper.scnassets; path = art.scnassets; sourceTree = "<group>"; };
		2B4551F7215B1B6300E0926B /* ViewController.swift */ = {isa = PBXFileReference; lastKnownFileType = sourcecode.swift; path = ViewController.swift; sourceTree = "<group>"; };
		2B4551FA215B1B6300E0926B /* Base */ = {isa = PBXFileReference; lastKnownFileType = file.storyboard; name = Base; path = Base.lproj/Main.storyboard; sourceTree = "<group>"; };
		2B4551FC215B1B6400E0926B /* Assets.xcassets */ = {isa = PBXFileReference; lastKnownFileType = folder.assetcatalog; path = Assets.xcassets; sourceTree = "<group>"; };
		2B4551FF215B1B6400E0926B /* Base */ = {isa = PBXFileReference; lastKnownFileType = file.storyboard; name = Base; path = Base.lproj/LaunchScreen.storyboard; sourceTree = "<group>"; };
		2B455201215B1B6400E0926B /* Info.plist */ = {isa = PBXFileReference; lastKnownFileType = text.plist.xml; path = Info.plist; sourceTree = "<group>"; };
		2B455206215B1B6400E0926B /* DominoTests.xctest */ = {isa = PBXFileReference; explicitFileType = wrapper.cfbundle; includeInIndex = 0; path = DominoTests.xctest; sourceTree = BUILT_PRODUCTS_DIR; };
		2B45520A215B1B6400E0926B /* DominoTests.swift */ = {isa = PBXFileReference; lastKnownFileType = sourcecode.swift; path = DominoTests.swift; sourceTree = "<group>"; };
		2B45520C215B1B6400E0926B /* Info.plist */ = {isa = PBXFileReference; lastKnownFileType = text.plist.xml; path = Info.plist; sourceTree = "<group>"; };
		2B455211215B1B6400E0926B /* DominoUITests.xctest */ = {isa = PBXFileReference; explicitFileType = wrapper.cfbundle; includeInIndex = 0; path = DominoUITests.xctest; sourceTree = BUILT_PRODUCTS_DIR; };
		2B455215215B1B6400E0926B /* DominoUITests.swift */ = {isa = PBXFileReference; lastKnownFileType = sourcecode.swift; path = DominoUITests.swift; sourceTree = "<group>"; };
		2B455217215B1B6400E0926B /* Info.plist */ = {isa = PBXFileReference; lastKnownFileType = text.plist.xml; path = Info.plist; sourceTree = "<group>"; };
		2F234238FE386C1F24111FAF /* libPods-DominoTests.a */ = {isa = PBXFileReference; explicitFileType = archive.ar; includeInIndex = 0; path = "libPods-DominoTests.a"; sourceTree = BUILT_PRODUCTS_DIR; };
		4215834237915D007D02A66B /* libPods-Domino.a */ = {isa = PBXFileReference; explicitFileType = archive.ar; includeInIndex = 0; path = "libPods-Domino.a"; sourceTree = BUILT_PRODUCTS_DIR; };
		455CE799A1FE3D83A4790D7F /* Pods-DominoTests.debug.xcconfig */ = {isa = PBXFileReference; includeInIndex = 1; lastKnownFileType = text.xcconfig; name = "Pods-DominoTests.debug.xcconfig"; path = "Pods/Target Support Files/Pods-DominoTests/Pods-DominoTests.debug.xcconfig"; sourceTree = "<group>"; };
		82BC42047EF56EA6D9C3E427 /* Pods-DominoTests.release.xcconfig */ = {isa = PBXFileReference; includeInIndex = 1; lastKnownFileType = text.xcconfig; name = "Pods-DominoTests.release.xcconfig"; path = "Pods/Target Support Files/Pods-DominoTests/Pods-DominoTests.release.xcconfig"; sourceTree = "<group>"; };
		D35B76EBAC765C331C4BFB80 /* Pods-Domino.release.xcconfig */ = {isa = PBXFileReference; includeInIndex = 1; lastKnownFileType = text.xcconfig; name = "Pods-Domino.release.xcconfig"; path = "Pods/Target Support Files/Pods-Domino/Pods-Domino.release.xcconfig"; sourceTree = "<group>"; };
		F3633E43CEFC50F610BF97AD /* Pods-Domino.debug.xcconfig */ = {isa = PBXFileReference; includeInIndex = 1; lastKnownFileType = text.xcconfig; name = "Pods-Domino.debug.xcconfig"; path = "Pods/Target Support Files/Pods-Domino/Pods-Domino.debug.xcconfig"; sourceTree = "<group>"; };
/* End PBXFileReference section */

/* Begin PBXFrameworksBuildPhase section */
		2B4551ED215B1B6300E0926B /* Frameworks */ = {
			isa = PBXFrameworksBuildPhase;
			buildActionMask = 2147483647;
			files = (
				7FC9C35DF962AE9C3E654F8E /* libPods-Domino.a in Frameworks */,
			);
			runOnlyForDeploymentPostprocessing = 0;
		};
		2B455203215B1B6400E0926B /* Frameworks */ = {
			isa = PBXFrameworksBuildPhase;
			buildActionMask = 2147483647;
			files = (
				68F587D6D1E5EAE07774BE3C /* libPods-DominoTests.a in Frameworks */,
			);
			runOnlyForDeploymentPostprocessing = 0;
		};
		2B45520E215B1B6400E0926B /* Frameworks */ = {
			isa = PBXFrameworksBuildPhase;
			buildActionMask = 2147483647;
			files = (
			);
			runOnlyForDeploymentPostprocessing = 0;
		};
/* End PBXFrameworksBuildPhase section */

/* Begin PBXGroup section */
		2B4551E7215B1B6300E0926B = {
			isa = PBXGroup;
			children = (
				2B4551F2215B1B6300E0926B /* Domino */,
				2B455209215B1B6400E0926B /* DominoTests */,
				2B455214215B1B6400E0926B /* DominoUITests */,
				2B4551F1215B1B6300E0926B /* Products */,
				E509FA3AD3896703B301F0F7 /* Pods */,
				75242C10C9E2935BA466E73A /* Frameworks */,
			);
			sourceTree = "<group>";
		};
		2B4551F1215B1B6300E0926B /* Products */ = {
			isa = PBXGroup;
			children = (
				2B4551F0215B1B6300E0926B /* Domino.app */,
				2B455206215B1B6400E0926B /* DominoTests.xctest */,
				2B455211215B1B6400E0926B /* DominoUITests.xctest */,
			);
			name = Products;
			sourceTree = "<group>";
		};
		2B4551F2215B1B6300E0926B /* Domino */ = {
			isa = PBXGroup;
			children = (
				2B4551F3215B1B6300E0926B /* AppDelegate.swift */,
				2B4551F7215B1B6300E0926B /* ViewController.swift */,
				2B4551F5215B1B6300E0926B /* art.scnassets */,
				2B4551FC215B1B6400E0926B /* Assets.xcassets */,
				2B4551F9215B1B6300E0926B /* Main.storyboard */,
				2B4551FE215B1B6400E0926B /* LaunchScreen.storyboard */,
				2B455201215B1B6400E0926B /* Info.plist */,
			);
			path = Domino;
			sourceTree = "<group>";
		};
		2B455209215B1B6400E0926B /* DominoTests */ = {
			isa = PBXGroup;
			children = (
				2B45520A215B1B6400E0926B /* DominoTests.swift */,
				2B45520C215B1B6400E0926B /* Info.plist */,
			);
			path = DominoTests;
			sourceTree = "<group>";
		};
		2B455214215B1B6400E0926B /* DominoUITests */ = {
			isa = PBXGroup;
			children = (
				2B455215215B1B6400E0926B /* DominoUITests.swift */,
				2B455217215B1B6400E0926B /* Info.plist */,
			);
			path = DominoUITests;
			sourceTree = "<group>";
		};
		75242C10C9E2935BA466E73A /* Frameworks */ = {
			isa = PBXGroup;
			children = (
				4215834237915D007D02A66B /* libPods-Domino.a */,
				2F234238FE386C1F24111FAF /* libPods-DominoTests.a */,
			);
			name = Frameworks;
			sourceTree = "<group>";
		};
		E509FA3AD3896703B301F0F7 /* Pods */ = {
			isa = PBXGroup;
			children = (
				F3633E43CEFC50F610BF97AD /* Pods-Domino.debug.xcconfig */,
				D35B76EBAC765C331C4BFB80 /* Pods-Domino.release.xcconfig */,
				455CE799A1FE3D83A4790D7F /* Pods-DominoTests.debug.xcconfig */,
				82BC42047EF56EA6D9C3E427 /* Pods-DominoTests.release.xcconfig */,
			);
			name = Pods;
			sourceTree = "<group>";
		};
/* End PBXGroup section */

/* Begin PBXNativeTarget section */
		2B4551EF215B1B6300E0926B /* Domino */ = {
			isa = PBXNativeTarget;
			buildConfigurationList = 2B45521A215B1B6400E0926B /* Build configuration list for PBXNativeTarget "Domino" */;
			buildPhases = (
				248DD0D5AA054F5E66964D82 /* [CP] Check Pods Manifest.lock */,
				2B4551EC215B1B6300E0926B /* Sources */,
				2B4551ED215B1B6300E0926B /* Frameworks */,
				2B4551EE215B1B6300E0926B /* Resources */,
			);
			buildRules = (
			);
			dependencies = (
			);
			name = Domino;
			productName = Domino;
			productReference = 2B4551F0215B1B6300E0926B /* Domino.app */;
			productType = "com.apple.product-type.application";
		};
		2B455205215B1B6400E0926B /* DominoTests */ = {
			isa = PBXNativeTarget;
			buildConfigurationList = 2B45521D215B1B6400E0926B /* Build configuration list for PBXNativeTarget "DominoTests" */;
			buildPhases = (
				3DF163884AA9C81C5EA09D79 /* [CP] Check Pods Manifest.lock */,
				2B455202215B1B6400E0926B /* Sources */,
				2B455203215B1B6400E0926B /* Frameworks */,
				2B455204215B1B6400E0926B /* Resources */,
			);
			buildRules = (
			);
			dependencies = (
				2B455208215B1B6400E0926B /* PBXTargetDependency */,
			);
			name = DominoTests;
			productName = DominoTests;
			productReference = 2B455206215B1B6400E0926B /* DominoTests.xctest */;
			productType = "com.apple.product-type.bundle.unit-test";
		};
		2B455210215B1B6400E0926B /* DominoUITests */ = {
			isa = PBXNativeTarget;
			buildConfigurationList = 2B455220215B1B6400E0926B /* Build configuration list for PBXNativeTarget "DominoUITests" */;
			buildPhases = (
				2B45520D215B1B6400E0926B /* Sources */,
				2B45520E215B1B6400E0926B /* Frameworks */,
				2B45520F215B1B6400E0926B /* Resources */,
			);
			buildRules = (
			);
			dependencies = (
				2B455213215B1B6400E0926B /* PBXTargetDependency */,
			);
			name = DominoUITests;
			productName = DominoUITests;
			productReference = 2B455211215B1B6400E0926B /* DominoUITests.xctest */;
			productType = "com.apple.product-type.bundle.ui-testing";
		};
/* End PBXNativeTarget section */

/* Begin PBXProject section */
		2B4551E8215B1B6300E0926B /* Project object */ = {
			isa = PBXProject;
			attributes = {
				LastSwiftUpdateCheck = 1000;
				LastUpgradeCheck = 1000;
				ORGANIZATIONNAME = lyons;
				TargetAttributes = {
					2B4551EF215B1B6300E0926B = {
						CreatedOnToolsVersion = 10.0;
						LastSwiftMigration = 1000;
					};
					2B455205215B1B6400E0926B = {
						CreatedOnToolsVersion = 10.0;
						TestTargetID = 2B4551EF215B1B6300E0926B;
					};
					2B455210215B1B6400E0926B = {
						CreatedOnToolsVersion = 10.0;
						TestTargetID = 2B4551EF215B1B6300E0926B;
					};
				};
			};
			buildConfigurationList = 2B4551EB215B1B6300E0926B /* Build configuration list for PBXProject "Domino" */;
			compatibilityVersion = "Xcode 9.3";
			developmentRegion = en;
			hasScannedForEncodings = 0;
			knownRegions = (
				en,
				Base,
			);
			mainGroup = 2B4551E7215B1B6300E0926B;
			productRefGroup = 2B4551F1215B1B6300E0926B /* Products */;
			projectDirPath = "";
			projectRoot = "";
			targets = (
				2B4551EF215B1B6300E0926B /* Domino */,
				2B455205215B1B6400E0926B /* DominoTests */,
				2B455210215B1B6400E0926B /* DominoUITests */,
			);
		};
/* End PBXProject section */

/* Begin PBXResourcesBuildPhase section */
		2B4551EE215B1B6300E0926B /* Resources */ = {
			isa = PBXResourcesBuildPhase;
			buildActionMask = 2147483647;
			files = (
				2B4551F6215B1B6300E0926B /* art.scnassets in Resources */,
				2B455200215B1B6400E0926B /* LaunchScreen.storyboard in Resources */,
				2B4551FD215B1B6400E0926B /* Assets.xcassets in Resources */,
				2B4551FB215B1B6300E0926B /* Main.storyboard in Resources */,
			);
			runOnlyForDeploymentPostprocessing = 0;
		};
		2B455204215B1B6400E0926B /* Resources */ = {
			isa = PBXResourcesBuildPhase;
			buildActionMask = 2147483647;
			files = (
			);
			runOnlyForDeploymentPostprocessing = 0;
		};
		2B45520F215B1B6400E0926B /* Resources */ = {
			isa = PBXResourcesBuildPhase;
			buildActionMask = 2147483647;
			files = (
			);
			runOnlyForDeploymentPostprocessing = 0;
		};
/* End PBXResourcesBuildPhase section */

/* Begin PBXShellScriptBuildPhase section */
		248DD0D5AA054F5E66964D82 /* [CP] Check Pods Manifest.lock */ = {
			isa = PBXShellScriptBuildPhase;
			buildActionMask = 2147483647;
			files = (
			);
			inputPaths = (
				"${PODS_PODFILE_DIR_PATH}/Podfile.lock",
				"${PODS_ROOT}/Manifest.lock",
			);
			name = "[CP] Check Pods Manifest.lock";
			outputPaths = (
				"$(DERIVED_FILE_DIR)/Pods-Domino-checkManifestLockResult.txt",
			);
			runOnlyForDeploymentPostprocessing = 0;
			shellPath = /bin/sh;
			shellScript = "diff \"${PODS_PODFILE_DIR_PATH}/Podfile.lock\" \"${PODS_ROOT}/Manifest.lock\" > /dev/null\nif [ $? != 0 ] ; then\n    # print error to STDERR\n    echo \"error: The sandbox is not in sync with the Podfile.lock. Run 'pod install' or update your CocoaPods installation.\" >&2\n    exit 1\nfi\n# This output is used by Xcode 'outputs' to avoid re-running this script phase.\necho \"SUCCESS\" > \"${SCRIPT_OUTPUT_FILE_0}\"\n";
			showEnvVarsInLog = 0;
		};
		3DF163884AA9C81C5EA09D79 /* [CP] Check Pods Manifest.lock */ = {
			isa = PBXShellScriptBuildPhase;
			buildActionMask = 2147483647;
			files = (
			);
			inputPaths = (
				"${PODS_PODFILE_DIR_PATH}/Podfile.lock",
				"${PODS_ROOT}/Manifest.lock",
			);
			name = "[CP] Check Pods Manifest.lock";
			outputPaths = (
				"$(DERIVED_FILE_DIR)/Pods-DominoTests-checkManifestLockResult.txt",
			);
			runOnlyForDeploymentPostprocessing = 0;
			shellPath = /bin/sh;
			shellScript = "diff \"${PODS_PODFILE_DIR_PATH}/Podfile.lock\" \"${PODS_ROOT}/Manifest.lock\" > /dev/null\nif [ $? != 0 ] ; then\n    # print error to STDERR\n    echo \"error: The sandbox is not in sync with the Podfile.lock. Run 'pod install' or update your CocoaPods installation.\" >&2\n    exit 1\nfi\n# This output is used by Xcode 'outputs' to avoid re-running this script phase.\necho \"SUCCESS\" > \"${SCRIPT_OUTPUT_FILE_0}\"\n";
			showEnvVarsInLog = 0;
		};
/* End PBXShellScriptBuildPhase section */

/* Begin PBXSourcesBuildPhase section */
		2B4551EC215B1B6300E0926B /* Sources */ = {
			isa = PBXSourcesBuildPhase;
			buildActionMask = 2147483647;
			files = (
				2B4551F8215B1B6300E0926B /* ViewController.swift in Sources */,
				2B4551F4215B1B6300E0926B /* AppDelegate.swift in Sources */,
			);
			runOnlyForDeploymentPostprocessing = 0;
		};
		2B455202215B1B6400E0926B /* Sources */ = {
			isa = PBXSourcesBuildPhase;
			buildActionMask = 2147483647;
			files = (
				2B45520B215B1B6400E0926B /* DominoTests.swift in Sources */,
			);
			runOnlyForDeploymentPostprocessing = 0;
		};
		2B45520D215B1B6400E0926B /* Sources */ = {
			isa = PBXSourcesBuildPhase;
			buildActionMask = 2147483647;
			files = (
				2B455216215B1B6400E0926B /* DominoUITests.swift in Sources */,
			);
			runOnlyForDeploymentPostprocessing = 0;
		};
/* End PBXSourcesBuildPhase section */

/* Begin PBXTargetDependency section */
		2B455208215B1B6400E0926B /* PBXTargetDependency */ = {
			isa = PBXTargetDependency;
			target = 2B4551EF215B1B6300E0926B /* Domino */;
			targetProxy = 2B455207215B1B6400E0926B /* PBXContainerItemProxy */;
		};
		2B455213215B1B6400E0926B /* PBXTargetDependency */ = {
			isa = PBXTargetDependency;
			target = 2B4551EF215B1B6300E0926B /* Domino */;
			targetProxy = 2B455212215B1B6400E0926B /* PBXContainerItemProxy */;
		};
/* End PBXTargetDependency section */

/* Begin PBXVariantGroup section */
		2B4551F9215B1B6300E0926B /* Main.storyboard */ = {
			isa = PBXVariantGroup;
			children = (
				2B4551FA215B1B6300E0926B /* Base */,
			);
			name = Main.storyboard;
			sourceTree = "<group>";
		};
		2B4551FE215B1B6400E0926B /* LaunchScreen.storyboard */ = {
			isa = PBXVariantGroup;
			children = (
				2B4551FF215B1B6400E0926B /* Base */,
			);
			name = LaunchScreen.storyboard;
			sourceTree = "<group>";
		};
/* End PBXVariantGroup section */

/* Begin XCBuildConfiguration section */
		2B455218215B1B6400E0926B /* Debug */ = {
			isa = XCBuildConfiguration;
			buildSettings = {
				ALWAYS_SEARCH_USER_PATHS = NO;
				CLANG_ANALYZER_NONNULL = YES;
				CLANG_ANALYZER_NUMBER_OBJECT_CONVERSION = YES_AGGRESSIVE;
				CLANG_CXX_LANGUAGE_STANDARD = "gnu++14";
				CLANG_CXX_LIBRARY = "libc++";
				CLANG_ENABLE_MODULES = YES;
				CLANG_ENABLE_OBJC_ARC = YES;
				CLANG_ENABLE_OBJC_WEAK = YES;
				CLANG_WARN_BLOCK_CAPTURE_AUTORELEASING = YES;
				CLANG_WARN_BOOL_CONVERSION = YES;
				CLANG_WARN_COMMA = YES;
				CLANG_WARN_CONSTANT_CONVERSION = YES;
				CLANG_WARN_DEPRECATED_OBJC_IMPLEMENTATIONS = YES;
				CLANG_WARN_DIRECT_OBJC_ISA_USAGE = YES_ERROR;
				CLANG_WARN_DOCUMENTATION_COMMENTS = YES;
				CLANG_WARN_EMPTY_BODY = YES;
				CLANG_WARN_ENUM_CONVERSION = YES;
				CLANG_WARN_INFINITE_RECURSION = YES;
				CLANG_WARN_INT_CONVERSION = YES;
				CLANG_WARN_NON_LITERAL_NULL_CONVERSION = YES;
				CLANG_WARN_OBJC_IMPLICIT_RETAIN_SELF = YES;
				CLANG_WARN_OBJC_LITERAL_CONVERSION = YES;
				CLANG_WARN_OBJC_ROOT_CLASS = YES_ERROR;
				CLANG_WARN_RANGE_LOOP_ANALYSIS = YES;
				CLANG_WARN_STRICT_PROTOTYPES = YES;
				CLANG_WARN_SUSPICIOUS_MOVE = YES;
				CLANG_WARN_UNGUARDED_AVAILABILITY = YES_AGGRESSIVE;
				CLANG_WARN_UNREACHABLE_CODE = YES;
				CLANG_WARN__DUPLICATE_METHOD_MATCH = YES;
				CODE_SIGN_IDENTITY = "iPhone Developer";
				COPY_PHASE_STRIP = NO;
				DEBUG_INFORMATION_FORMAT = dwarf;
				ENABLE_STRICT_OBJC_MSGSEND = YES;
				ENABLE_TESTABILITY = YES;
				GCC_C_LANGUAGE_STANDARD = gnu11;
				GCC_DYNAMIC_NO_PIC = NO;
				GCC_NO_COMMON_BLOCKS = YES;
				GCC_OPTIMIZATION_LEVEL = 0;
				GCC_PREPROCESSOR_DEFINITIONS = (
					"DEBUG=1",
					"$(inherited)",
				);
				GCC_WARN_64_TO_32_BIT_CONVERSION = YES;
				GCC_WARN_ABOUT_RETURN_TYPE = YES_ERROR;
				GCC_WARN_UNDECLARED_SELECTOR = YES;
				GCC_WARN_UNINITIALIZED_AUTOS = YES_AGGRESSIVE;
				GCC_WARN_UNUSED_FUNCTION = YES;
				GCC_WARN_UNUSED_VARIABLE = YES;
				IPHONEOS_DEPLOYMENT_TARGET = 12.0;
				MTL_ENABLE_DEBUG_INFO = INCLUDE_SOURCE;
				MTL_FAST_MATH = YES;
				ONLY_ACTIVE_ARCH = YES;
				SDKROOT = iphoneos;
				SWIFT_ACTIVE_COMPILATION_CONDITIONS = DEBUG;
				SWIFT_OPTIMIZATION_LEVEL = "-Onone";
			};
			name = Debug;
		};
		2B455219215B1B6400E0926B /* Release */ = {
			isa = XCBuildConfiguration;
			buildSettings = {
				ALWAYS_SEARCH_USER_PATHS = NO;
				CLANG_ANALYZER_NONNULL = YES;
				CLANG_ANALYZER_NUMBER_OBJECT_CONVERSION = YES_AGGRESSIVE;
				CLANG_CXX_LANGUAGE_STANDARD = "gnu++14";
				CLANG_CXX_LIBRARY = "libc++";
				CLANG_ENABLE_MODULES = YES;
				CLANG_ENABLE_OBJC_ARC = YES;
				CLANG_ENABLE_OBJC_WEAK = YES;
				CLANG_WARN_BLOCK_CAPTURE_AUTORELEASING = YES;
				CLANG_WARN_BOOL_CONVERSION = YES;
				CLANG_WARN_COMMA = YES;
				CLANG_WARN_CONSTANT_CONVERSION = YES;
				CLANG_WARN_DEPRECATED_OBJC_IMPLEMENTATIONS = YES;
				CLANG_WARN_DIRECT_OBJC_ISA_USAGE = YES_ERROR;
				CLANG_WARN_DOCUMENTATION_COMMENTS = YES;
				CLANG_WARN_EMPTY_BODY = YES;
				CLANG_WARN_ENUM_CONVERSION = YES;
				CLANG_WARN_INFINITE_RECURSION = YES;
				CLANG_WARN_INT_CONVERSION = YES;
				CLANG_WARN_NON_LITERAL_NULL_CONVERSION = YES;
				CLANG_WARN_OBJC_IMPLICIT_RETAIN_SELF = YES;
				CLANG_WARN_OBJC_LITERAL_CONVERSION = YES;
				CLANG_WARN_OBJC_ROOT_CLASS = YES_ERROR;
				CLANG_WARN_RANGE_LOOP_ANALYSIS = YES;
				CLANG_WARN_STRICT_PROTOTYPES = YES;
				CLANG_WARN_SUSPICIOUS_MOVE = YES;
				CLANG_WARN_UNGUARDED_AVAILABILITY = YES_AGGRESSIVE;
				CLANG_WARN_UNREACHABLE_CODE = YES;
				CLANG_WARN__DUPLICATE_METHOD_MATCH = YES;
				CODE_SIGN_IDENTITY = "iPhone Developer";
				COPY_PHASE_STRIP = NO;
				DEBUG_INFORMATION_FORMAT = "dwarf-with-dsym";
				ENABLE_NS_ASSERTIONS = NO;
				ENABLE_STRICT_OBJC_MSGSEND = YES;
				GCC_C_LANGUAGE_STANDARD = gnu11;
				GCC_NO_COMMON_BLOCKS = YES;
				GCC_WARN_64_TO_32_BIT_CONVERSION = YES;
				GCC_WARN_ABOUT_RETURN_TYPE = YES_ERROR;
				GCC_WARN_UNDECLARED_SELECTOR = YES;
				GCC_WARN_UNINITIALIZED_AUTOS = YES_AGGRESSIVE;
				GCC_WARN_UNUSED_FUNCTION = YES;
				GCC_WARN_UNUSED_VARIABLE = YES;
				IPHONEOS_DEPLOYMENT_TARGET = 12.0;
				MTL_ENABLE_DEBUG_INFO = NO;
				MTL_FAST_MATH = YES;
				SDKROOT = iphoneos;
				SWIFT_COMPILATION_MODE = wholemodule;
				SWIFT_OPTIMIZATION_LEVEL = "-O";
				VALIDATE_PRODUCT = YES;
			};
			name = Release;
		};
		2B45521B215B1B6400E0926B /* Debug */ = {
			isa = XCBuildConfiguration;
			baseConfigurationReference = F3633E43CEFC50F610BF97AD /* Pods-Domino.debug.xcconfig */;
			buildSettings = {
				ASSETCATALOG_COMPILER_APPICON_NAME = AppIcon;
				CLANG_ENABLE_MODULES = YES;
				CODE_SIGN_STYLE = Automatic;
				DEVELOPMENT_TEAM = 79MZ7A623K;
				GCC_PRECOMPILE_PREFIX_HEADER = YES;
				GCC_PREFIX_HEADER = "$(SRCROOT)/Domino/PrefixHeader.swift";
				INFOPLIST_FILE = Domino/Info.plist;
				LD_RUNPATH_SEARCH_PATHS = (
					"$(inherited)",
					"@executable_path/Frameworks",
				);
				PRODUCT_BUNDLE_IDENTIFIER = com.lyons.Domino;
				PRODUCT_NAME = "$(TARGET_NAME)";
				SWIFT_OBJC_BRIDGING_HEADER = "";
				SWIFT_OPTIMIZATION_LEVEL = "-Onone";
				SWIFT_VERSION = 4.2;
				TARGETED_DEVICE_FAMILY = "1,2";
			};
			name = Debug;
		};
		2B45521C215B1B6400E0926B /* Release */ = {
			isa = XCBuildConfiguration;
			baseConfigurationReference = D35B76EBAC765C331C4BFB80 /* Pods-Domino.release.xcconfig */;
			buildSettings = {
				ASSETCATALOG_COMPILER_APPICON_NAME = AppIcon;
				CLANG_ENABLE_MODULES = YES;
				CODE_SIGN_STYLE = Automatic;
				DEVELOPMENT_TEAM = 79MZ7A623K;
				GCC_PRECOMPILE_PREFIX_HEADER = YES;
				GCC_PREFIX_HEADER = "$(SRCROOT)/Domino/PrefixHeader.swift";
				INFOPLIST_FILE = Domino/Info.plist;
				LD_RUNPATH_SEARCH_PATHS = (
					"$(inherited)",
					"@executable_path/Frameworks",
				);
				PRODUCT_BUNDLE_IDENTIFIER = com.lyons.Domino;
				PRODUCT_NAME = "$(TARGET_NAME)";
				SWIFT_OBJC_BRIDGING_HEADER = "";
				SWIFT_VERSION = 4.2;
				TARGETED_DEVICE_FAMILY = "1,2";
			};
			name = Release;
		};
		2B45521E215B1B6400E0926B /* Debug */ = {
			isa = XCBuildConfiguration;
			baseConfigurationReference = 455CE799A1FE3D83A4790D7F /* Pods-DominoTests.debug.xcconfig */;
			buildSettings = {
				ALWAYS_EMBED_SWIFT_STANDARD_LIBRARIES = YES;
				BUNDLE_LOADER = "$(TEST_HOST)";
				CODE_SIGN_STYLE = Automatic;
				DEVELOPMENT_TEAM = 79MZ7A623K;
				INFOPLIST_FILE = DominoTests/Info.plist;
				LD_RUNPATH_SEARCH_PATHS = (
					"$(inherited)",
					"@executable_path/Frameworks",
					"@loader_path/Frameworks",
				);
				PRODUCT_BUNDLE_IDENTIFIER = com.lyons.DominoTests;
				PRODUCT_NAME = "$(TARGET_NAME)";
				SWIFT_VERSION = 4.2;
				TARGETED_DEVICE_FAMILY = "1,2";
				TEST_HOST = "$(BUILT_PRODUCTS_DIR)/Domino.app/Domino";
			};
			name = Debug;
		};
		2B45521F215B1B6400E0926B /* Release */ = {
			isa = XCBuildConfiguration;
			baseConfigurationReference = 82BC42047EF56EA6D9C3E427 /* Pods-DominoTests.release.xcconfig */;
			buildSettings = {
				ALWAYS_EMBED_SWIFT_STANDARD_LIBRARIES = YES;
				BUNDLE_LOADER = "$(TEST_HOST)";
				CODE_SIGN_STYLE = Automatic;
				DEVELOPMENT_TEAM = 79MZ7A623K;
				INFOPLIST_FILE = DominoTests/Info.plist;
				LD_RUNPATH_SEARCH_PATHS = (
					"$(inherited)",
					"@executable_path/Frameworks",
					"@loader_path/Frameworks",
				);
				PRODUCT_BUNDLE_IDENTIFIER = com.lyons.DominoTests;
				PRODUCT_NAME = "$(TARGET_NAME)";
				SWIFT_VERSION = 4.2;
				TARGETED_DEVICE_FAMILY = "1,2";
				TEST_HOST = "$(BUILT_PRODUCTS_DIR)/Domino.app/Domino";
			};
			name = Release;
		};
		2B455221215B1B6400E0926B /* Debug */ = {
			isa = XCBuildConfiguration;
			buildSettings = {
				ALWAYS_EMBED_SWIFT_STANDARD_LIBRARIES = YES;
				CODE_SIGN_STYLE = Automatic;
				DEVELOPMENT_TEAM = 79MZ7A623K;
				INFOPLIST_FILE = DominoUITests/Info.plist;
				LD_RUNPATH_SEARCH_PATHS = (
					"$(inherited)",
					"@executable_path/Frameworks",
					"@loader_path/Frameworks",
				);
				PRODUCT_BUNDLE_IDENTIFIER = com.lyons.DominoUITests;
				PRODUCT_NAME = "$(TARGET_NAME)";
				SWIFT_VERSION = 4.2;
				TARGETED_DEVICE_FAMILY = "1,2";
				TEST_TARGET_NAME = Domino;
			};
			name = Debug;
		};
		2B455222215B1B6400E0926B /* Release */ = {
			isa = XCBuildConfiguration;
			buildSettings = {
				ALWAYS_EMBED_SWIFT_STANDARD_LIBRARIES = YES;
				CODE_SIGN_STYLE = Automatic;
				DEVELOPMENT_TEAM = 79MZ7A623K;
				INFOPLIST_FILE = DominoUITests/Info.plist;
				LD_RUNPATH_SEARCH_PATHS = (
					"$(inherited)",
					"@executable_path/Frameworks",
					"@loader_path/Frameworks",
				);
				PRODUCT_BUNDLE_IDENTIFIER = com.lyons.DominoUITests;
				PRODUCT_NAME = "$(TARGET_NAME)";
				SWIFT_VERSION = 4.2;
				TARGETED_DEVICE_FAMILY = "1,2";
				TEST_TARGET_NAME = Domino;
			};
			name = Release;
		};
/* End XCBuildConfiguration section */

/* Begin XCConfigurationList section */
		2B4551EB215B1B6300E0926B /* Build configuration list for PBXProject "Domino" */ = {
			isa = XCConfigurationList;
			buildConfigurations = (
				2B455218215B1B6400E0926B /* Debug */,
				2B455219215B1B6400E0926B /* Release */,
			);
			defaultConfigurationIsVisible = 0;
			defaultConfigurationName = Release;
		};
		2B45521A215B1B6400E0926B /* Build configuration list for PBXNativeTarget "Domino" */ = {
			isa = XCConfigurationList;
			buildConfigurations = (
				2B45521B215B1B6400E0926B /* Debug */,
				2B45521C215B1B6400E0926B /* Release */,
			);
			defaultConfigurationIsVisible = 0;
			defaultConfigurationName = Release;
		};
		2B45521D215B1B6400E0926B /* Build configuration list for PBXNativeTarget "DominoTests" */ = {
			isa = XCConfigurationList;
			buildConfigurations = (
				2B45521E215B1B6400E0926B /* Debug */,
				2B45521F215B1B6400E0926B /* Release */,
			);
			defaultConfigurationIsVisible = 0;
			defaultConfigurationName = Release;
		};
		2B455220215B1B6400E0926B /* Build configuration list for PBXNativeTarget "DominoUITests" */ = {
			isa = XCConfigurationList;
			buildConfigurations = (
				2B455221215B1B6400E0926B /* Debug */,
				2B455222215B1B6400E0926B /* Release */,
			);
			defaultConfigurationIsVisible = 0;
			defaultConfigurationName = Release;
		};
/* End XCConfigurationList section */
	};
	rootObject = 2B4551E8215B1B6300E0926B /* Project object */;
}
